
Microsoft Visual Studio Solution File, Format Version 12.00
# Visual Studio Version 16
VisualStudioVersion = 16.0.31515.178
MinimumVisualStudioVersion = 10.0.40219.1
Project("{FAE04EC0-301F-11D3-BF4B-00C04F79EFBC}") = "AcademyIWeek1.ApplicazioneIndustriale.ConsoleApp", "AcademyIWeek1.ApplicazioneIndustriale.ConsoleApp\AcademyIWeek1.ApplicazioneIndustriale.ConsoleApp.csproj", "{F34B9926-B003-4F3F-A50D-448D20957F19}"
EndProject
Project("{FAE04EC0-301F-11D3-BF4B-00C04F79EFBC}") = "ApplicazioneIndustriale.CORE", "ApplicazioneIndustriale.CORE\ApplicazioneIndustriale.CORE.csproj", "{FCC372E3-1A05-480A-AA3A-5CFF21F993DB}"
EndProject
Project("{FAE04EC0-301F-11D3-BF4B-00C04F79EFBC}") = "ApplicazioneIndustriale.ADO", "ApplicazioneIndustriale.ADO\ApplicazioneIndustriale.ADO.csproj", "{523E5073-1A46-4D30-BE1A-FF4C9B3C2327}"
EndProject
Global
	GlobalSection(SolutionConfigurationPlatforms) = preSolution
		Debug|Any CPU = Debug|Any CPU
		Release|Any CPU = Release|Any CPU
	EndGlobalSection
	GlobalSection(ProjectConfigurationPlatforms) = postSolution
		{F34B9926-B003-4F3F-A50D-448D20957F19}.Debug|Any CPU.ActiveCfg = Debug|Any CPU
		{F34B9926-B003-4F3F-A50D-448D20957F19}.Debug|Any CPU.Build.0 = Debug|Any CPU
		{F34B9926-B003-4F3F-A50D-448D20957F19}.Release|Any CPU.ActiveCfg = Release|Any CPU
		{F34B9926-B003-4F3F-A50D-448D20957F19}.Release|Any CPU.Build.0 = Release|Any CPU
		{FCC372E3-1A05-480A-AA3A-5CFF21F993DB}.Debug|Any CPU.ActiveCfg = Debug|Any CPU
		{FCC372E3-1A05-480A-AA3A-5CFF21F993DB}.Debug|Any CPU.Build.0 = Debug|Any CPU
		{FCC372E3-1A05-480A-AA3A-5CFF21F993DB}.Release|Any CPU.ActiveCfg = Release|Any CPU
		{FCC372E3-1A05-480A-AA3A-5CFF21F993DB}.Release|Any CPU.Build.0 = Release|Any CPU
		{523E5073-1A46-4D30-BE1A-FF4C9B3C2327}.Debug|Any CPU.ActiveCfg = Debug|Any CPU
		{523E5073-1A46-4D30-BE1A-FF4C9B3C2327}.Debug|Any CPU.Build.0 = Debug|Any CPU
		{523E5073-1A46-4D30-BE1A-FF4C9B3C2327}.Release|Any CPU.ActiveCfg = Release|Any CPU
		{523E5073-1A46-4D30-BE1A-FF4C9B3C2327}.Release|Any CPU.Build.0 = Release|Any CPU
	EndGlobalSection
	GlobalSection(SolutionProperties) = preSolution
		HideSolutionNode = FALSE
	EndGlobalSection
	GlobalSection(ExtensibilityGlobals) = postSolution
		SolutionGuid = {2B092080-CFBF-4A78-BE0B-3EC6B8165C26}
	EndGlobalSection
EndGlobal
